
Microsoft Visual Studio Solution File, Format Version 12.00
# Visual Studio Version 16
VisualStudioVersion = 16.0.31702.278
MinimumVisualStudioVersion = 10.0.40219.1
Project("{FAE04EC0-301F-11D3-BF4B-00C04F79EFBC}") = "Calculadora", "Calculadora\Calculadora.csproj", "{1520EAAC-3CEB-45DC-9977-4B186464D5B3}"
EndProject
Global
	GlobalSection(SolutionConfigurationPlatforms) = preSolution
		Debug|Any CPU = Debug|Any CPU
		Release|Any CPU = Release|Any CPU
	EndGlobalSection
	GlobalSection(ProjectConfigurationPlatforms) = postSolution
		{1520EAAC-3CEB-45DC-9977-4B186464D5B3}.Debug|Any CPU.ActiveCfg = Debug|Any CPU
		{1520EAAC-3CEB-45DC-9977-4B186464D5B3}.Debug|Any CPU.Build.0 = Debug|Any CPU
		{1520EAAC-3CEB-45DC-9977-4B186464D5B3}.Release|Any CPU.ActiveCfg = Release|Any CPU
		{1520EAAC-3CEB-45DC-9977-4B186464D5B3}.Release|Any CPU.Build.0 = Release|Any CPU
	EndGlobalSection
	GlobalSection(SolutionProperties) = preSolution
		HideSolutionNode = FALSE
	EndGlobalSection
	GlobalSection(ExtensibilityGlobals) = postSolution
		SolutionGuid = {316E3416-FCE5-43D4-A609-8B8A72EB4097}
	EndGlobalSection
EndGlobal
